
Microsoft Visual Studio Solution File, Format Version 12.00
# Visual Studio Version 17
VisualStudioVersion = 17.0.31903.59
MinimumVisualStudioVersion = 10.0.40219.1
Project("{2150E333-8FDC-42A3-9474-1A3956D46DE8}") = "src", "src", "{827E0CD3-B72D-47B6-A68D-7590B98EB39B}"
EndProject
Project("{FAE04EC0-301F-11D3-BF4B-00C04F79EFBC}") = "MauiMessenger.Client.Web", "src\MauiMessenger.Client.Web\MauiMessenger.Client.Web.csproj", "{9B18AE1B-D247-4E5F-9DC6-878C8E7536CD}"
EndProject
Project("{FAE04EC0-301F-11D3-BF4B-00C04F79EFBC}") = "MauiMessenger.Api", "src\MauiMessenger.Api\MauiMessenger.Api.csproj", "{841F124B-9852-4914-801D-2AA3E78F5F6E}"
EndProject
Project("{FAE04EC0-301F-11D3-BF4B-00C04F79EFBC}") = "MauiMessenger.Core", "src\MauiMessenger.Core\MauiMessenger.Core.csproj", "{FFDC23D1-D467-422B-AC5B-12306C043572}"
EndProject
Project("{FAE04EC0-301F-11D3-BF4B-00C04F79EFBC}") = "MauiMessenger.Infrastructure", "src\MauiMessenger.Infrastructure\MauiMessenger.Infrastructure.csproj", "{31D4730D-0B05-4DD3-BE25-4492DC90E803}"
EndProject
Project("{2150E333-8FDC-42A3-9474-1A3956D46DE8}") = "tests", "tests", "{0AB3BF05-4346-4AA6-1389-037BE0695223}"
EndProject
Project("{FAE04EC0-301F-11D3-BF4B-00C04F79EFBC}") = "MauiMessenger.Api.Tests", "tests\MauiMessenger.Api.Tests\MauiMessenger.Api.Tests.csproj", "{F9019461-6FBC-4BB4-992F-CF3E43DE1922}"
EndProject
Global
	GlobalSection(SolutionConfigurationPlatforms) = preSolution
		Debug|Any CPU = Debug|Any CPU
		Debug|x64 = Debug|x64
		Debug|x86 = Debug|x86
		Release|Any CPU = Release|Any CPU
		Release|x64 = Release|x64
		Release|x86 = Release|x86
	EndGlobalSection
	GlobalSection(ProjectConfigurationPlatforms) = postSolution
		{9B18AE1B-D247-4E5F-9DC6-878C8E7536CD}.Debug|Any CPU.ActiveCfg = Debug|Any CPU
		{9B18AE1B-D247-4E5F-9DC6-878C8E7536CD}.Debug|Any CPU.Build.0 = Debug|Any CPU
		{9B18AE1B-D247-4E5F-9DC6-878C8E7536CD}.Debug|x64.ActiveCfg = Debug|Any CPU
		{9B18AE1B-D247-4E5F-9DC6-878C8E7536CD}.Debug|x64.Build.0 = Debug|Any CPU
		{9B18AE1B-D247-4E5F-9DC6-878C8E7536CD}.Debug|x86.ActiveCfg = Debug|Any CPU
		{9B18AE1B-D247-4E5F-9DC6-878C8E7536CD}.Debug|x86.Build.0 = Debug|Any CPU
		{9B18AE1B-D247-4E5F-9DC6-878C8E7536CD}.Release|Any CPU.ActiveCfg = Release|Any CPU
		{9B18AE1B-D247-4E5F-9DC6-878C8E7536CD}.Release|Any CPU.Build.0 = Release|Any CPU
		{9B18AE1B-D247-4E5F-9DC6-878C8E7536CD}.Release|x64.ActiveCfg = Release|Any CPU
		{9B18AE1B-D247-4E5F-9DC6-878C8E7536CD}.Release|x64.Build.0 = Release|Any CPU
		{9B18AE1B-D247-4E5F-9DC6-878C8E7536CD}.Release|x86.ActiveCfg = Release|Any CPU
		{9B18AE1B-D247-4E5F-9DC6-878C8E7536CD}.Release|x86.Build.0 = Release|Any CPU
		{841F124B-9852-4914-801D-2AA3E78F5F6E}.Debug|Any CPU.ActiveCfg = Debug|Any CPU
		{841F124B-9852-4914-801D-2AA3E78F5F6E}.Debug|Any CPU.Build.0 = Debug|Any CPU
		{841F124B-9852-4914-801D-2AA3E78F5F6E}.Debug|x64.ActiveCfg = Debug|Any CPU
		{841F124B-9852-4914-801D-2AA3E78F5F6E}.Debug|x64.Build.0 = Debug|Any CPU
		{841F124B-9852-4914-801D-2AA3E78F5F6E}.Debug|x86.ActiveCfg = Debug|Any CPU
		{841F124B-9852-4914-801D-2AA3E78F5F6E}.Debug|x86.Build.0 = Debug|Any CPU
		{841F124B-9852-4914-801D-2AA3E78F5F6E}.Release|Any CPU.ActiveCfg = Release|Any CPU
		{841F124B-9852-4914-801D-2AA3E78F5F6E}.Release|Any CPU.Build.0 = Release|Any CPU
		{841F124B-9852-4914-801D-2AA3E78F5F6E}.Release|x64.ActiveCfg = Release|Any CPU
		{841F124B-9852-4914-801D-2AA3E78F5F6E}.Release|x64.Build.0 = Release|Any CPU
		{841F124B-9852-4914-801D-2AA3E78F5F6E}.Release|x86.ActiveCfg = Release|Any CPU
		{841F124B-9852-4914-801D-2AA3E78F5F6E}.Release|x86.Build.0 = Release|Any CPU
		{FFDC23D1-D467-422B-AC5B-12306C043572}.Debug|Any CPU.ActiveCfg = Debug|Any CPU
		{FFDC23D1-D467-422B-AC5B-12306C043572}.Debug|Any CPU.Build.0 = Debug|Any CPU
		{FFDC23D1-D467-422B-AC5B-12306C043572}.Debug|x64.ActiveCfg = Debug|Any CPU
		{FFDC23D1-D467-422B-AC5B-12306C043572}.Debug|x64.Build.0 = Debug|Any CPU
		{FFDC23D1-D467-422B-AC5B-12306C043572}.Debug|x86.ActiveCfg = Debug|Any CPU
		{FFDC23D1-D467-422B-AC5B-12306C043572}.Debug|x86.Build.0 = Debug|Any CPU
		{FFDC23D1-D467-422B-AC5B-12306C043572}.Release|Any CPU.ActiveCfg = Release|Any CPU
		{FFDC23D1-D467-422B-AC5B-12306C043572}.Release|Any CPU.Build.0 = Release|Any CPU
		{FFDC23D1-D467-422B-AC5B-12306C043572}.Release|x64.ActiveCfg = Release|Any CPU
		{FFDC23D1-D467-422B-AC5B-12306C043572}.Release|x64.Build.0 = Release|Any CPU
		{FFDC23D1-D467-422B-AC5B-12306C043572}.Release|x86.ActiveCfg = Release|Any CPU
		{FFDC23D1-D467-422B-AC5B-12306C043572}.Release|x86.Build.0 = Release|Any CPU
		{31D4730D-0B05-4DD3-BE25-4492DC90E803}.Debug|Any CPU.ActiveCfg = Debug|Any CPU
		{31D4730D-0B05-4DD3-BE25-4492DC90E803}.Debug|Any CPU.Build.0 = Debug|Any CPU
		{31D4730D-0B05-4DD3-BE25-4492DC90E803}.Debug|x64.ActiveCfg = Debug|Any CPU
		{31D4730D-0B05-4DD3-BE25-4492DC90E803}.Debug|x64.Build.0 = Debug|Any CPU
		{31D4730D-0B05-4DD3-BE25-4492DC90E803}.Debug|x86.ActiveCfg = Debug|Any CPU
		{31D4730D-0B05-4DD3-BE25-4492DC90E803}.Debug|x86.Build.0 = Debug|Any CPU
		{31D4730D-0B05-4DD3-BE25-4492DC90E803}.Release|Any CPU.ActiveCfg = Release|Any CPU
		{31D4730D-0B05-4DD3-BE25-4492DC90E803}.Release|Any CPU.Build.0 = Release|Any CPU
		{31D4730D-0B05-4DD3-BE25-4492DC90E803}.Release|x64.ActiveCfg = Release|Any CPU
		{31D4730D-0B05-4DD3-BE25-4492DC90E803}.Release|x64.Build.0 = Release|Any CPU
		{31D4730D-0B05-4DD3-BE25-4492DC90E803}.Release|x86.ActiveCfg = Release|Any CPU
		{31D4730D-0B05-4DD3-BE25-4492DC90E803}.Release|x86.Build.0 = Release|Any CPU
		{F9019461-6FBC-4BB4-992F-CF3E43DE1922}.Debug|Any CPU.ActiveCfg = Debug|Any CPU
		{F9019461-6FBC-4BB4-992F-CF3E43DE1922}.Debug|Any CPU.Build.0 = Debug|Any CPU
		{F9019461-6FBC-4BB4-992F-CF3E43DE1922}.Debug|x64.ActiveCfg = Debug|Any CPU
		{F9019461-6FBC-4BB4-992F-CF3E43DE1922}.Debug|x64.Build.0 = Debug|Any CPU
		{F9019461-6FBC-4BB4-992F-CF3E43DE1922}.Debug|x86.ActiveCfg = Debug|Any CPU
		{F9019461-6FBC-4BB4-992F-CF3E43DE1922}.Debug|x86.Build.0 = Debug|Any CPU
		{F9019461-6FBC-4BB4-992F-CF3E43DE1922}.Release|Any CPU.ActiveCfg = Release|Any CPU
		{F9019461-6FBC-4BB4-992F-CF3E43DE1922}.Release|Any CPU.Build.0 = Release|Any CPU
		{F9019461-6FBC-4BB4-992F-CF3E43DE1922}.Release|x64.ActiveCfg = Release|Any CPU
		{F9019461-6FBC-4BB4-992F-CF3E43DE1922}.Release|x64.Build.0 = Release|Any CPU
		{F9019461-6FBC-4BB4-992F-CF3E43DE1922}.Release|x86.ActiveCfg = Release|Any CPU
		{F9019461-6FBC-4BB4-992F-CF3E43DE1922}.Release|x86.Build.0 = Release|Any CPU
	EndGlobalSection
	GlobalSection(SolutionProperties) = preSolution
		HideSolutionNode = FALSE
	EndGlobalSection
	GlobalSection(NestedProjects) = preSolution
		{9B18AE1B-D247-4E5F-9DC6-878C8E7536CD} = {827E0CD3-B72D-47B6-A68D-7590B98EB39B}
		{841F124B-9852-4914-801D-2AA3E78F5F6E} = {827E0CD3-B72D-47B6-A68D-7590B98EB39B}
		{FFDC23D1-D467-422B-AC5B-12306C043572} = {827E0CD3-B72D-47B6-A68D-7590B98EB39B}
		{31D4730D-0B05-4DD3-BE25-4492DC90E803} = {827E0CD3-B72D-47B6-A68D-7590B98EB39B}
		{F9019461-6FBC-4BB4-992F-CF3E43DE1922} = {0AB3BF05-4346-4AA6-1389-037BE0695223}
	EndGlobalSection
EndGlobal
